
Microsoft Visual Studio Solution File, Format Version 12.00
# Visual Studio 15
VisualStudioVersion = 15.0.28010.2046
MinimumVisualStudioVersion = 10.0.40219.1
Project("{FAE04EC0-301F-11D3-BF4B-00C04F79EFBC}") = "Lab1", "Лаба1\Lab1.csproj", "{2BDF87CE-27C3-4FAF-8ECD-9A8FDEF77EE9}"
EndProject
Global
	GlobalSection(SolutionConfigurationPlatforms) = preSolution
		Debug|Any CPU = Debug|Any CPU
		Release|Any CPU = Release|Any CPU
	EndGlobalSection
	GlobalSection(ProjectConfigurationPlatforms) = postSolution
		{2BDF87CE-27C3-4FAF-8ECD-9A8FDEF77EE9}.Debug|Any CPU.ActiveCfg = Debug|Any CPU
		{2BDF87CE-27C3-4FAF-8ECD-9A8FDEF77EE9}.Debug|Any CPU.Build.0 = Debug|Any CPU
		{2BDF87CE-27C3-4FAF-8ECD-9A8FDEF77EE9}.Release|Any CPU.ActiveCfg = Release|Any CPU
		{2BDF87CE-27C3-4FAF-8ECD-9A8FDEF77EE9}.Release|Any CPU.Build.0 = Release|Any CPU
	EndGlobalSection
	GlobalSection(SolutionProperties) = preSolution
		HideSolutionNode = FALSE
	EndGlobalSection
	GlobalSection(ExtensibilityGlobals) = postSolution
		SolutionGuid = {C391ED5E-9188-4F63-821B-4BFC57D0449F}
	EndGlobalSection
EndGlobal
